
Microsoft Visual Studio Solution File, Format Version 12.00
# Visual Studio 14
VisualStudioVersion = 14.0.25420.1
MinimumVisualStudioVersion = 10.0.40219.1
Project("{8BC9CEB8-8B4A-11D0-8D11-00A0C91BC942}") = "math-extension", "math-extension\math-extension.vcxproj", "{9DA7F7B8-EB97-42BA-AA1A-B48CD3939674}"
EndProject
Project("{8BC9CEB8-8B4A-11D0-8D11-00A0C91BC942}") = "clgui-testbed", "clgui-testbed\clgui-testbed.vcxproj", "{DFDBC578-8BD6-4C86-B7BE-7A1528BBC705}"
	ProjectSection(ProjectDependencies) = postProject
		{2C61D32C-603C-404B-BF52-604D363023D8} = {2C61D32C-603C-404B-BF52-604D363023D8}
		{57600064-91C6-4F0E-82E5-2612543FD351} = {57600064-91C6-4F0E-82E5-2612543FD351}
	EndProjectSection
EndProject
Project("{8BC9CEB8-8B4A-11D0-8D11-00A0C91BC942}") = "clgui", "clgui\clgui.vcxproj", "{57600064-91C6-4F0E-82E5-2612543FD351}"
EndProject
Project("{8BC9CEB8-8B4A-11D0-8D11-00A0C91BC942}") = "cllib", "cllib\cllib.vcxproj", "{2C61D32C-603C-404B-BF52-604D363023D8}"
EndProject
Project("{8BC9CEB8-8B4A-11D0-8D11-00A0C91BC942}") = "cllib-testbed", "cllib-testbed\cllib-testbed.vcxproj", "{AB49A4C5-C077-4A85-A5B0-E5AA2DAA9FB7}"
	ProjectSection(ProjectDependencies) = postProject
		{2C61D32C-603C-404B-BF52-604D363023D8} = {2C61D32C-603C-404B-BF52-604D363023D8}
	EndProjectSection
EndProject
Project("{8BC9CEB8-8B4A-11D0-8D11-00A0C91BC942}") = "cl3dm", "cl3Dmodel\cl3Dmodel.vcxproj", "{279E45C2-AA81-47A5-89A1-5F89FDFEBA23}"
EndProject
Project("{8BC9CEB8-8B4A-11D0-8D11-00A0C91BC942}") = "cl3dm-testbed", "cl3dm-testbed\cl3dm-testbed.vcxproj", "{96810ED6-F5E7-4BB7-84E7-70CFE218E0BA}"
EndProject
Global
	GlobalSection(SolutionConfigurationPlatforms) = preSolution
		Debug|Mixed Platforms = Debug|Mixed Platforms
		Debug|Win32 = Debug|Win32
		Debug|x64 = Debug|x64
		Release|Mixed Platforms = Release|Mixed Platforms
		Release|Win32 = Release|Win32
		Release|x64 = Release|x64
	EndGlobalSection
	GlobalSection(ProjectConfigurationPlatforms) = postSolution
		{9DA7F7B8-EB97-42BA-AA1A-B48CD3939674}.Debug|Mixed Platforms.ActiveCfg = Debug|Win32
		{9DA7F7B8-EB97-42BA-AA1A-B48CD3939674}.Debug|Mixed Platforms.Build.0 = Debug|Win32
		{9DA7F7B8-EB97-42BA-AA1A-B48CD3939674}.Debug|Win32.ActiveCfg = Debug|Win32
		{9DA7F7B8-EB97-42BA-AA1A-B48CD3939674}.Debug|Win32.Build.0 = Debug|Win32
		{9DA7F7B8-EB97-42BA-AA1A-B48CD3939674}.Debug|x64.ActiveCfg = Debug|x64
		{9DA7F7B8-EB97-42BA-AA1A-B48CD3939674}.Debug|x64.Build.0 = Debug|x64
		{9DA7F7B8-EB97-42BA-AA1A-B48CD3939674}.Release|Mixed Platforms.ActiveCfg = Release|Win32
		{9DA7F7B8-EB97-42BA-AA1A-B48CD3939674}.Release|Mixed Platforms.Build.0 = Release|Win32
		{9DA7F7B8-EB97-42BA-AA1A-B48CD3939674}.Release|Win32.ActiveCfg = Release|Win32
		{9DA7F7B8-EB97-42BA-AA1A-B48CD3939674}.Release|Win32.Build.0 = Release|Win32
		{9DA7F7B8-EB97-42BA-AA1A-B48CD3939674}.Release|x64.ActiveCfg = Release|x64
		{9DA7F7B8-EB97-42BA-AA1A-B48CD3939674}.Release|x64.Build.0 = Release|x64
		{DFDBC578-8BD6-4C86-B7BE-7A1528BBC705}.Debug|Mixed Platforms.ActiveCfg = Debug|Win32
		{DFDBC578-8BD6-4C86-B7BE-7A1528BBC705}.Debug|Mixed Platforms.Build.0 = Debug|Win32
		{DFDBC578-8BD6-4C86-B7BE-7A1528BBC705}.Debug|Win32.ActiveCfg = Debug|Win32
		{DFDBC578-8BD6-4C86-B7BE-7A1528BBC705}.Debug|Win32.Build.0 = Debug|Win32
		{DFDBC578-8BD6-4C86-B7BE-7A1528BBC705}.Debug|x64.ActiveCfg = Debug|x64
		{DFDBC578-8BD6-4C86-B7BE-7A1528BBC705}.Debug|x64.Build.0 = Debug|x64
		{DFDBC578-8BD6-4C86-B7BE-7A1528BBC705}.Release|Mixed Platforms.ActiveCfg = Release|Win32
		{DFDBC578-8BD6-4C86-B7BE-7A1528BBC705}.Release|Mixed Platforms.Build.0 = Release|Win32
		{DFDBC578-8BD6-4C86-B7BE-7A1528BBC705}.Release|Win32.ActiveCfg = Release|Win32
		{DFDBC578-8BD6-4C86-B7BE-7A1528BBC705}.Release|Win32.Build.0 = Release|Win32
		{DFDBC578-8BD6-4C86-B7BE-7A1528BBC705}.Release|x64.ActiveCfg = Release|x64
		{DFDBC578-8BD6-4C86-B7BE-7A1528BBC705}.Release|x64.Build.0 = Release|x64
		{57600064-91C6-4F0E-82E5-2612543FD351}.Debug|Mixed Platforms.ActiveCfg = Debug|Win32
		{57600064-91C6-4F0E-82E5-2612543FD351}.Debug|Mixed Platforms.Build.0 = Debug|Win32
		{57600064-91C6-4F0E-82E5-2612543FD351}.Debug|Win32.ActiveCfg = Debug|Win32
		{57600064-91C6-4F0E-82E5-2612543FD351}.Debug|Win32.Build.0 = Debug|Win32
		{57600064-91C6-4F0E-82E5-2612543FD351}.Debug|x64.ActiveCfg = Debug|x64
		{57600064-91C6-4F0E-82E5-2612543FD351}.Debug|x64.Build.0 = Debug|x64
		{57600064-91C6-4F0E-82E5-2612543FD351}.Release|Mixed Platforms.ActiveCfg = Release|Win32
		{57600064-91C6-4F0E-82E5-2612543FD351}.Release|Mixed Platforms.Build.0 = Release|Win32
		{57600064-91C6-4F0E-82E5-2612543FD351}.Release|Win32.ActiveCfg = Release|Win32
		{57600064-91C6-4F0E-82E5-2612543FD351}.Release|Win32.Build.0 = Release|Win32
		{57600064-91C6-4F0E-82E5-2612543FD351}.Release|x64.ActiveCfg = Release|x64
		{57600064-91C6-4F0E-82E5-2612543FD351}.Release|x64.Build.0 = Release|x64
		{2C61D32C-603C-404B-BF52-604D363023D8}.Debug|Mixed Platforms.ActiveCfg = Debug|Win32
		{2C61D32C-603C-404B-BF52-604D363023D8}.Debug|Mixed Platforms.Build.0 = Debug|Win32
		{2C61D32C-603C-404B-BF52-604D363023D8}.Debug|Win32.ActiveCfg = Debug|Win32
		{2C61D32C-603C-404B-BF52-604D363023D8}.Debug|Win32.Build.0 = Debug|Win32
		{2C61D32C-603C-404B-BF52-604D363023D8}.Debug|x64.ActiveCfg = Debug|x64
		{2C61D32C-603C-404B-BF52-604D363023D8}.Debug|x64.Build.0 = Debug|x64
		{2C61D32C-603C-404B-BF52-604D363023D8}.Release|Mixed Platforms.ActiveCfg = Release|Win32
		{2C61D32C-603C-404B-BF52-604D363023D8}.Release|Mixed Platforms.Build.0 = Release|Win32
		{2C61D32C-603C-404B-BF52-604D363023D8}.Release|Win32.ActiveCfg = Release|Win32
		{2C61D32C-603C-404B-BF52-604D363023D8}.Release|Win32.Build.0 = Release|Win32
		{2C61D32C-603C-404B-BF52-604D363023D8}.Release|x64.ActiveCfg = Release|x64
		{2C61D32C-603C-404B-BF52-604D363023D8}.Release|x64.Build.0 = Release|x64
		{AB49A4C5-C077-4A85-A5B0-E5AA2DAA9FB7}.Debug|Mixed Platforms.ActiveCfg = Debug|Win32
		{AB49A4C5-C077-4A85-A5B0-E5AA2DAA9FB7}.Debug|Mixed Platforms.Build.0 = Debug|Win32
		{AB49A4C5-C077-4A85-A5B0-E5AA2DAA9FB7}.Debug|Win32.ActiveCfg = Debug|Win32
		{AB49A4C5-C077-4A85-A5B0-E5AA2DAA9FB7}.Debug|Win32.Build.0 = Debug|Win32
		{AB49A4C5-C077-4A85-A5B0-E5AA2DAA9FB7}.Debug|x64.ActiveCfg = Debug|x64
		{AB49A4C5-C077-4A85-A5B0-E5AA2DAA9FB7}.Debug|x64.Build.0 = Debug|x64
		{AB49A4C5-C077-4A85-A5B0-E5AA2DAA9FB7}.Release|Mixed Platforms.ActiveCfg = Release|Win32
		{AB49A4C5-C077-4A85-A5B0-E5AA2DAA9FB7}.Release|Mixed Platforms.Build.0 = Release|Win32
		{AB49A4C5-C077-4A85-A5B0-E5AA2DAA9FB7}.Release|Win32.ActiveCfg = Release|Win32
		{AB49A4C5-C077-4A85-A5B0-E5AA2DAA9FB7}.Release|Win32.Build.0 = Release|Win32
		{AB49A4C5-C077-4A85-A5B0-E5AA2DAA9FB7}.Release|x64.ActiveCfg = Release|x64
		{AB49A4C5-C077-4A85-A5B0-E5AA2DAA9FB7}.Release|x64.Build.0 = Release|x64
		{279E45C2-AA81-47A5-89A1-5F89FDFEBA23}.Debug|Mixed Platforms.ActiveCfg = Debug|Win32
		{279E45C2-AA81-47A5-89A1-5F89FDFEBA23}.Debug|Mixed Platforms.Build.0 = Debug|Win32
		{279E45C2-AA81-47A5-89A1-5F89FDFEBA23}.Debug|Win32.ActiveCfg = Debug|Win32
		{279E45C2-AA81-47A5-89A1-5F89FDFEBA23}.Debug|Win32.Build.0 = Debug|Win32
		{279E45C2-AA81-47A5-89A1-5F89FDFEBA23}.Debug|x64.ActiveCfg = Debug|x64
		{279E45C2-AA81-47A5-89A1-5F89FDFEBA23}.Debug|x64.Build.0 = Debug|x64
		{279E45C2-AA81-47A5-89A1-5F89FDFEBA23}.Release|Mixed Platforms.ActiveCfg = Release|Win32
		{279E45C2-AA81-47A5-89A1-5F89FDFEBA23}.Release|Mixed Platforms.Build.0 = Release|Win32
		{279E45C2-AA81-47A5-89A1-5F89FDFEBA23}.Release|Win32.ActiveCfg = Release|Win32
		{279E45C2-AA81-47A5-89A1-5F89FDFEBA23}.Release|Win32.Build.0 = Release|Win32
		{279E45C2-AA81-47A5-89A1-5F89FDFEBA23}.Release|x64.ActiveCfg = Release|x64
		{279E45C2-AA81-47A5-89A1-5F89FDFEBA23}.Release|x64.Build.0 = Release|x64
		{96810ED6-F5E7-4BB7-84E7-70CFE218E0BA}.Debug|Mixed Platforms.ActiveCfg = Debug|Win32
		{96810ED6-F5E7-4BB7-84E7-70CFE218E0BA}.Debug|Mixed Platforms.Build.0 = Debug|Win32
		{96810ED6-F5E7-4BB7-84E7-70CFE218E0BA}.Debug|Win32.ActiveCfg = Debug|Win32
		{96810ED6-F5E7-4BB7-84E7-70CFE218E0BA}.Debug|Win32.Build.0 = Debug|Win32
		{96810ED6-F5E7-4BB7-84E7-70CFE218E0BA}.Debug|x64.ActiveCfg = Debug|x64
		{96810ED6-F5E7-4BB7-84E7-70CFE218E0BA}.Debug|x64.Build.0 = Debug|x64
		{96810ED6-F5E7-4BB7-84E7-70CFE218E0BA}.Release|Mixed Platforms.ActiveCfg = Release|Win32
		{96810ED6-F5E7-4BB7-84E7-70CFE218E0BA}.Release|Mixed Platforms.Build.0 = Release|Win32
		{96810ED6-F5E7-4BB7-84E7-70CFE218E0BA}.Release|Win32.ActiveCfg = Release|Win32
		{96810ED6-F5E7-4BB7-84E7-70CFE218E0BA}.Release|Win32.Build.0 = Release|Win32
		{96810ED6-F5E7-4BB7-84E7-70CFE218E0BA}.Release|x64.ActiveCfg = Release|x64
		{96810ED6-F5E7-4BB7-84E7-70CFE218E0BA}.Release|x64.Build.0 = Release|x64
	EndGlobalSection
	GlobalSection(SolutionProperties) = preSolution
		HideSolutionNode = FALSE
	EndGlobalSection
EndGlobal
